// !$*UTF8*$!
{
	archiveVersion = 1;
	classes = {
	};
	objectVersion = 46;
	objects = {

/* Begin PBXBuildFile section */
		7A7BF64420517311004BE7A7 /* Main.storyboard in Resources */ = {isa = PBXBuildFile; fileRef = 7A7BF64320517311004BE7A7 /* Main.storyboard */; };
		C920311E1E53F2EB004821D1 /* AppDelegate.swift in Sources */ = {isa = PBXBuildFile; fileRef = C920311D1E53F2EB004821D1 /* AppDelegate.swift */; };
		C92031201E53F2EB004821D1 /* VehicleTrackerViewController.swift in Sources */ = {isa = PBXBuildFile; fileRef = C920311F1E53F2EB004821D1 /* VehicleTrackerViewController.swift */; };
		C92031251E53F2EB004821D1 /* Assets.xcassets in Resources */ = {isa = PBXBuildFile; fileRef = C92031241E53F2EB004821D1 /* Assets.xcassets */; };
		C92031301E53F964004821D1 /* VTLib in Resources */ = {isa = PBXBuildFile; fileRef = C920312F1E53F964004821D1 /* VTLib */; };
		C9482B4E1E824D6E0075CFCF /* LoginViewController.swift in Sources */ = {isa = PBXBuildFile; fileRef = C9482B4D1E824D6E0075CFCF /* LoginViewController.swift */; };
/* End PBXBuildFile section */

/* Begin PBXFileReference section */
		7A7BF64320517311004BE7A7 /* Main.storyboard */ = {isa = PBXFileReference; fileEncoding = 4; lastKnownFileType = file.storyboard; name = Main.storyboard; path = ../../../Desktop/Main.storyboard; sourceTree = "<group>"; };
		C920311A1E53F2EB004821D1 /* VehicleTrackerDemo.app */ = {isa = PBXFileReference; explicitFileType = wrapper.application; includeInIndex = 0; path = VehicleTrackerDemo.app; sourceTree = BUILT_PRODUCTS_DIR; };
		C920311D1E53F2EB004821D1 /* AppDelegate.swift */ = {isa = PBXFileReference; lastKnownFileType = sourcecode.swift; path = AppDelegate.swift; sourceTree = "<group>"; };
		C920311F1E53F2EB004821D1 /* VehicleTrackerViewController.swift */ = {isa = PBXFileReference; lastKnownFileType = sourcecode.swift; path = VehicleTrackerViewController.swift; sourceTree = "<group>"; };
		C92031241E53F2EB004821D1 /* Assets.xcassets */ = {isa = PBXFileReference; lastKnownFileType = folder.assetcatalog; path = Assets.xcassets; sourceTree = "<group>"; };
		C92031291E53F2EB004821D1 /* Info.plist */ = {isa = PBXFileReference; lastKnownFileType = text.plist.xml; path = Info.plist; sourceTree = "<group>"; };
		C920312F1E53F964004821D1 /* VTLib */ = {isa = PBXFileReference; lastKnownFileType = folder; path = VTLib; sourceTree = "<group>"; };
		C9482B4D1E824D6E0075CFCF /* LoginViewController.swift */ = {isa = PBXFileReference; fileEncoding = 4; lastKnownFileType = sourcecode.swift; path = LoginViewController.swift; sourceTree = "<group>"; };
/* End PBXFileReference section */

/* Begin PBXFrameworksBuildPhase section */
		C92031171E53F2EB004821D1 /* Frameworks */ = {
			isa = PBXFrameworksBuildPhase;
			buildActionMask = 2147483647;
			files = (
			);
			runOnlyForDeploymentPostprocessing = 0;
		};
/* End PBXFrameworksBuildPhase section */

/* Begin PBXGroup section */
		C92031111E53F2EB004821D1 = {
			isa = PBXGroup;
			children = (
				C920311C1E53F2EB004821D1 /* VehicleTrackerDemo */,
				C920311B1E53F2EB004821D1 /* Products */,
			);
			sourceTree = "<group>";
		};
		C920311B1E53F2EB004821D1 /* Products */ = {
			isa = PBXGroup;
			children = (
				C920311A1E53F2EB004821D1 /* VehicleTrackerDemo.app */,
			);
			name = Products;
			sourceTree = "<group>";
		};
		C920311C1E53F2EB004821D1 /* VehicleTrackerDemo */ = {
			isa = PBXGroup;
			children = (
				C920312F1E53F964004821D1 /* VTLib */,
				C920311D1E53F2EB004821D1 /* AppDelegate.swift */,
				C920311F1E53F2EB004821D1 /* VehicleTrackerViewController.swift */,
				C9482B4D1E824D6E0075CFCF /* LoginViewController.swift */,
				7A7BF64320517311004BE7A7 /* Main.storyboard */,
				C92031241E53F2EB004821D1 /* Assets.xcassets */,
				C92031291E53F2EB004821D1 /* Info.plist */,
			);
			path = VehicleTrackerDemo;
			sourceTree = "<group>";
		};
/* End PBXGroup section */

/* Begin PBXNativeTarget section */
		C92031191E53F2EB004821D1 /* VehicleTrackerDemo */ = {
			isa = PBXNativeTarget;
			buildConfigurationList = C920312C1E53F2EB004821D1 /* Build configuration list for PBXNativeTarget "VehicleTrackerDemo" */;
			buildPhases = (
				C92031161E53F2EB004821D1 /* Sources */,
				C92031171E53F2EB004821D1 /* Frameworks */,
				C92031181E53F2EB004821D1 /* Resources */,
			);
			buildRules = (
			);
			dependencies = (
			);
			name = VehicleTrackerDemo;
			productName = VehicleTrackerDemo;
			productReference = C920311A1E53F2EB004821D1 /* VehicleTrackerDemo.app */;
			productType = "com.apple.product-type.application";
		};
/* End PBXNativeTarget section */

/* Begin PBXProject section */
		C92031121E53F2EB004821D1 /* Project object */ = {
			isa = PBXProject;
			attributes = {
				LastSwiftUpdateCheck = 0820;
				LastUpgradeCheck = 0820;
				ORGANIZATIONNAME = Drivool;
				TargetAttributes = {
					C92031191E53F2EB004821D1 = {
						CreatedOnToolsVersion = 8.2.1;
						DevelopmentTeam = 5XSV84GD2L;
						ProvisioningStyle = Automatic;
					};
				};
			};
			buildConfigurationList = C92031151E53F2EB004821D1 /* Build configuration list for PBXProject "VehicleTrackerDemo" */;
			compatibilityVersion = "Xcode 3.2";
			developmentRegion = English;
			hasScannedForEncodings = 0;
			knownRegions = (
				en,
				Base,
			);
			mainGroup = C92031111E53F2EB004821D1;
			productRefGroup = C920311B1E53F2EB004821D1 /* Products */;
			projectDirPath = "";
			projectRoot = "";
			targets = (
				C92031191E53F2EB004821D1 /* VehicleTrackerDemo */,
			);
		};
/* End PBXProject section */

/* Begin PBXResourcesBuildPhase section */
		C92031181E53F2EB004821D1 /* Resources */ = {
			isa = PBXResourcesBuildPhase;
			buildActionMask = 2147483647;
			files = (
				7A7BF64420517311004BE7A7 /* Main.storyboard in Resources */,
				C92031251E53F2EB004821D1 /* Assets.xcassets in Resources */,
				C92031301E53F964004821D1 /* VTLib in Resources */,
			);
			runOnlyForDeploymentPostprocessing = 0;
		};
/* End PBXResourcesBuildPhase section */

/* Begin PBXSourcesBuildPhase section */
		C92031161E53F2EB004821D1 /* Sources */ = {
			isa = PBXSourcesBuildPhase;
			buildActionMask = 2147483647;
			files = (
				C9482B4E1E824D6E0075CFCF /* LoginViewController.swift in Sources */,
				C92031201E53F2EB004821D1 /* VehicleTrackerViewController.swift in Sources */,
				C920311E1E53F2EB004821D1 /* AppDelegate.swift in Sources */,
			);
			runOnlyForDeploymentPostprocessing = 0;
		};
/* End PBXSourcesBuildPhase section */

/* Begin XCBuildConfiguration section */
		C920312A1E53F2EB004821D1 /* Debug */ = {
			isa = XCBuildConfiguration;
			buildSettings = {
				ALWAYS_SEARCH_USER_PATHS = NO;
				CLANG_ANALYZER_NONNULL = YES;
				CLANG_CXX_LANGUAGE_STANDARD = "gnu++0x";
				CLANG_CXX_LIBRARY = "libc++";
				CLANG_ENABLE_MODULES = YES;
				CLANG_ENABLE_OBJC_ARC = YES;
				CLANG_WARN_BOOL_CONVERSION = YES;
				CLANG_WARN_CONSTANT_CONVERSION = YES;
				CLANG_WARN_DIRECT_OBJC_ISA_USAGE = YES_ERROR;
				CLANG_WARN_DOCUMENTATION_COMMENTS = YES;
				CLANG_WARN_EMPTY_BODY = YES;
				CLANG_WARN_ENUM_CONVERSION = YES;
				CLANG_WARN_INFINITE_RECURSION = YES;
				CLANG_WARN_INT_CONVERSION = YES;
				CLANG_WARN_OBJC_ROOT_CLASS = YES_ERROR;
				CLANG_WARN_SUSPICIOUS_MOVE = YES;
				CLANG_WARN_UNREACHABLE_CODE = YES;
				CLANG_WARN__DUPLICATE_METHOD_MATCH = YES;
				"CODE_SIGN_IDENTITY[sdk=iphoneos*]" = "iPhone Developer";
				COPY_PHASE_STRIP = NO;
				DEBUG_INFORMATION_FORMAT = dwarf;
				ENABLE_STRICT_OBJC_MSGSEND = YES;
				ENABLE_TESTABILITY = YES;
				GCC_C_LANGUAGE_STANDARD = gnu99;
				GCC_DYNAMIC_NO_PIC = NO;
				GCC_NO_COMMON_BLOCKS = YES;
				GCC_OPTIMIZATION_LEVEL = 0;
				GCC_PREPROCESSOR_DEFINITIONS = (
					"DEBUG=1",
					"$(inherited)",
				);
				GCC_WARN_64_TO_32_BIT_CONVERSION = YES;
				GCC_WARN_ABOUT_RETURN_TYPE = YES_ERROR;
				GCC_WARN_UNDECLARED_SELECTOR = YES;
				GCC_WARN_UNINITIALIZED_AUTOS = YES_AGGRESSIVE;
				GCC_WARN_UNUSED_FUNCTION = YES;
				GCC_WARN_UNUSED_VARIABLE = YES;
				IPHONEOS_DEPLOYMENT_TARGET = 10.2;
				MTL_ENABLE_DEBUG_INFO = YES;
				ONLY_ACTIVE_ARCH = YES;
				SDKROOT = iphoneos;
				SWIFT_ACTIVE_COMPILATION_CONDITIONS = DEBUG;
				SWIFT_OPTIMIZATION_LEVEL = "-Onone";
				TARGETED_DEVICE_FAMILY = "1,2";
			};
			name = Debug;
		};
		C920312B1E53F2EB004821D1 /* Release */ = {
			isa = XCBuildConfiguration;
			buildSettings = {
				ALWAYS_SEARCH_USER_PATHS = NO;
				CLANG_ANALYZER_NONNULL = YES;
				CLANG_CXX_LANGUAGE_STANDARD = "gnu++0x";
				CLANG_CXX_LIBRARY = "libc++";
				CLANG_ENABLE_MODULES = YES;
				CLANG_ENABLE_OBJC_ARC = YES;
				CLANG_WARN_BOOL_CONVERSION = YES;
				CLANG_WARN_CONSTANT_CONVERSION = YES;
				CLANG_WARN_DIRECT_OBJC_ISA_USAGE = YES_ERROR;
				CLANG_WARN_DOCUMENTATION_COMMENTS = YES;
				CLANG_WARN_EMPTY_BODY = YES;
				CLANG_WARN_ENUM_CONVERSION = YES;
				CLANG_WARN_INFINITE_RECURSION = YES;
				CLANG_WARN_INT_CONVERSION = YES;
				CLANG_WARN_OBJC_ROOT_CLASS = YES_ERROR;
				CLANG_WARN_SUSPICIOUS_MOVE = YES;
				CLANG_WARN_UNREACHABLE_CODE = YES;
				CLANG_WARN__DUPLICATE_METHOD_MATCH = YES;
				"CODE_SIGN_IDENTITY[sdk=iphoneos*]" = "iPhone Developer";
				COPY_PHASE_STRIP = NO;
				DEBUG_INFORMATION_FORMAT = "dwarf-with-dsym";
				ENABLE_NS_ASSERTIONS = NO;
				ENABLE_STRICT_OBJC_MSGSEND = YES;
				GCC_C_LANGUAGE_STANDARD = gnu99;
				GCC_NO_COMMON_BLOCKS = YES;
				GCC_WARN_64_TO_32_BIT_CONVERSION = YES;
				GCC_WARN_ABOUT_RETURN_TYPE = YES_ERROR;
				GCC_WARN_UNDECLARED_SELECTOR = YES;
				GCC_WARN_UNINITIALIZED_AUTOS = YES_AGGRESSIVE;
				GCC_WARN_UNUSED_FUNCTION = YES;
				GCC_WARN_UNUSED_VARIABLE = YES;
				IPHONEOS_DEPLOYMENT_TARGET = 10.2;
				MTL_ENABLE_DEBUG_INFO = NO;
				SDKROOT = iphoneos;
				SWIFT_OPTIMIZATION_LEVEL = "-Owholemodule";
				TARGETED_DEVICE_FAMILY = "1,2";
				VALIDATE_PRODUCT = YES;
			};
			name = Release;
		};
		C920312D1E53F2EB004821D1 /* Debug */ = {
			isa = XCBuildConfiguration;
			buildSettings = {
				ASSETCATALOG_COMPILER_APPICON_NAME = AppIcon;
				DEVELOPMENT_TEAM = 5XSV84GD2L;
				INFOPLIST_FILE = VehicleTrackerDemo/Info.plist;
				IPHONEOS_DEPLOYMENT_TARGET = 9.0;
				LD_RUNPATH_SEARCH_PATHS = "$(inherited) @executable_path/Frameworks";
				PRODUCT_BUNDLE_IDENTIFIER = com.drivool.vtdemo;
				PRODUCT_NAME = "$(TARGET_NAME)";
				SWIFT_VERSION = 3.0;
				TARGETED_DEVICE_FAMILY = "1,2";
			};
			name = Debug;
		};
		C920312E1E53F2EB004821D1 /* Release */ = {
			isa = XCBuildConfiguration;
			buildSettings = {
				ASSETCATALOG_COMPILER_APPICON_NAME = AppIcon;
				DEVELOPMENT_TEAM = 5XSV84GD2L;
				INFOPLIST_FILE = VehicleTrackerDemo/Info.plist;
				IPHONEOS_DEPLOYMENT_TARGET = 9.0;
				LD_RUNPATH_SEARCH_PATHS = "$(inherited) @executable_path/Frameworks";
				PRODUCT_BUNDLE_IDENTIFIER = com.drivool.vtdemo;
				PRODUCT_NAME = "$(TARGET_NAME)";
				SWIFT_VERSION = 3.0;
				TARGETED_DEVICE_FAMILY = "1,2";
			};
			name = Release;
		};
/* End XCBuildConfiguration section */

/* Begin XCConfigurationList section */
		C92031151E53F2EB004821D1 /* Build configuration list for PBXProject "VehicleTrackerDemo" */ = {
			isa = XCConfigurationList;
			buildConfigurations = (
				C920312A1E53F2EB004821D1 /* Debug */,
				C920312B1E53F2EB004821D1 /* Release */,
			);
			defaultConfigurationIsVisible = 0;
			defaultConfigurationName = Release;
		};
		C920312C1E53F2EB004821D1 /* Build configuration list for PBXNativeTarget "VehicleTrackerDemo" */ = {
			isa = XCConfigurationList;
			buildConfigurations = (
				C920312D1E53F2EB004821D1 /* Debug */,
				C920312E1E53F2EB004821D1 /* Release */,
			);
			defaultConfigurationIsVisible = 0;
			defaultConfigurationName = Release;
		};
/* End XCConfigurationList section */
	};
	rootObject = C92031121E53F2EB004821D1 /* Project object */;
}
